Microsoft Visual Studio Solution File, Format Version 12.00
# Visual Studio Version 17
VisualStudioVersion = 17.5.2.0
MinimumVisualStudioVersion = 10.0.40219.1
Project("{FAE04EC0-301F-11D3-BF4B-00C04F79EFBC}") = "FlightBooking", "FlightBooking.csproj", "{44BEE2C8-1C48-D6BE-2030-EA9E0A868209}"
EndProject
Global
	GlobalSection(SolutionConfigurationPlatforms) = preSolution
		Debug|Any CPU = Debug|Any CPU
		Release|Any CPU = Release|Any CPU
	EndGlobalSection
	GlobalSection(ProjectConfigurationPlatforms) = postSolution
		{44BEE2C8-1C48-D6BE-2030-EA9E0A868209}.Debug|Any CPU.ActiveCfg = Debug|Any CPU
		{44BEE2C8-1C48-D6BE-2030-EA9E0A868209}.Debug|Any CPU.Build.0 = Debug|Any CPU
		{44BEE2C8-1C48-D6BE-2030-EA9E0A868209}.Release|Any CPU.ActiveCfg = Release|Any CPU
		{44BEE2C8-1C48-D6BE-2030-EA9E0A868209}.Release|Any CPU.Build.0 = Release|Any CPU
	EndGlobalSection
	GlobalSection(SolutionProperties) = preSolution
		HideSolutionNode = FALSE
	EndGlobalSection
	GlobalSection(ExtensibilityGlobals) = postSolution
		SolutionGuid = {76A3D265-E0E2-47CC-9984-7E32DE1CC37B}
	EndGlobalSection
EndGlobal
